// !$*UTF8*$!
{
	archiveVersion = 1;
	classes = {
	};
	objectVersion = 56;
	objects = {

/* Begin PBXBuildFile section */
		96606D2E2988DF630045362C /* PoliquicksApp.swift in Sources */ = {isa = PBXBuildFile; fileRef = 96606D2D2988DF630045362C /* PoliquicksApp.swift */; };
		96606D302988DF630045362C /* ContentView.swift in Sources */ = {isa = PBXBuildFile; fileRef = 96606D2F2988DF630045362C /* ContentView.swift */; };
		96606D322988DF650045362C /* Assets.xcassets in Resources */ = {isa = PBXBuildFile; fileRef = 96606D312988DF650045362C /* Assets.xcassets */; };
		96606D362988DF650045362C /* Preview Assets.xcassets in Resources */ = {isa = PBXBuildFile; fileRef = 96606D352988DF650045362C /* Preview Assets.xcassets */; };
		96606D402988DF650045362C /* PoliquicksTests.swift in Sources */ = {isa = PBXBuildFile; fileRef = 96606D3F2988DF650045362C /* PoliquicksTests.swift */; };
		96606D4A2988DF650045362C /* PoliquicksUITests.swift in Sources */ = {isa = PBXBuildFile; fileRef = 96606D492988DF650045362C /* PoliquicksUITests.swift */; };
		96606D4C2988DF650045362C /* PoliquicksUITestsLaunchTests.swift in Sources */ = {isa = PBXBuildFile; fileRef = 96606D4B2988DF650045362C /* PoliquicksUITestsLaunchTests.swift */; };
		96BD63732988E442000CFCF7 /* LoginView.swift in Sources */ = {isa = PBXBuildFile; fileRef = 96BD63722988E442000CFCF7 /* LoginView.swift */; };
		96BD63752988E541000CFCF7 /* Launch Screen.storyboard in Resources */ = {isa = PBXBuildFile; fileRef = 96BD63742988E541000CFCF7 /* Launch Screen.storyboard */; };
/* End PBXBuildFile section */

/* Begin PBXContainerItemProxy section */
		96606D3C2988DF650045362C /* PBXContainerItemProxy */ = {
			isa = PBXContainerItemProxy;
			containerPortal = 96606D222988DF630045362C /* Project object */;
			proxyType = 1;
			remoteGlobalIDString = 96606D292988DF630045362C;
			remoteInfo = Poliquicks;
		};
		96606D462988DF650045362C /* PBXContainerItemProxy */ = {
			isa = PBXContainerItemProxy;
			containerPortal = 96606D222988DF630045362C /* Project object */;
			proxyType = 1;
			remoteGlobalIDString = 96606D292988DF630045362C;
			remoteInfo = Poliquicks;
		};
/* End PBXContainerItemProxy section */

/* Begin PBXFileReference section */
		96606D2A2988DF630045362C /* Poliquicks.app */ = {isa = PBXFileReference; explicitFileType = wrapper.application; includeInIndex = 0; path = Poliquicks.app; sourceTree = BUILT_PRODUCTS_DIR; };
		96606D2D2988DF630045362C /* PoliquicksApp.swift */ = {isa = PBXFileReference; lastKnownFileType = sourcecode.swift; path = PoliquicksApp.swift; sourceTree = "<group>"; };
		96606D2F2988DF630045362C /* ContentView.swift */ = {isa = PBXFileReference; lastKnownFileType = sourcecode.swift; path = ContentView.swift; sourceTree = "<group>"; };
		96606D312988DF650045362C /* Assets.xcassets */ = {isa = PBXFileReference; lastKnownFileType = folder.assetcatalog; path = Assets.xcassets; sourceTree = "<group>"; };
		96606D332988DF650045362C /* Poliquicks.entitlements */ = {isa = PBXFileReference; lastKnownFileType = text.plist.entitlements; path = Poliquicks.entitlements; sourceTree = "<group>"; };
		96606D352988DF650045362C /* Preview Assets.xcassets */ = {isa = PBXFileReference; lastKnownFileType = folder.assetcatalog; path = "Preview Assets.xcassets"; sourceTree = "<group>"; };
		96606D3B2988DF650045362C /* PoliquicksTests.xctest */ = {isa = PBXFileReference; explicitFileType = wrapper.cfbundle; includeInIndex = 0; path = PoliquicksTests.xctest; sourceTree = BUILT_PRODUCTS_DIR; };
		96606D3F2988DF650045362C /* PoliquicksTests.swift */ = {isa = PBXFileReference; lastKnownFileType = sourcecode.swift; path = PoliquicksTests.swift; sourceTree = "<group>"; };
		96606D452988DF650045362C /* PoliquicksUITests.xctest */ = {isa = PBXFileReference; explicitFileType = wrapper.cfbundle; includeInIndex = 0; path = PoliquicksUITests.xctest; sourceTree = BUILT_PRODUCTS_DIR; };
		96606D492988DF650045362C /* PoliquicksUITests.swift */ = {isa = PBXFileReference; lastKnownFileType = sourcecode.swift; path = PoliquicksUITests.swift; sourceTree = "<group>"; };
		96606D4B2988DF650045362C /* PoliquicksUITestsLaunchTests.swift */ = {isa = PBXFileReference; lastKnownFileType = sourcecode.swift; path = PoliquicksUITestsLaunchTests.swift; sourceTree = "<group>"; };
		96BD63712988E35E000CFCF7 /* Info.plist */ = {isa = PBXFileReference; lastKnownFileType = text.plist; path = Info.plist; sourceTree = "<group>"; };
		96BD63722988E442000CFCF7 /* LoginView.swift */ = {isa = PBXFileReference; lastKnownFileType = sourcecode.swift; path = LoginView.swift; sourceTree = "<group>"; };
		96BD63742988E541000CFCF7 /* Launch Screen.storyboard */ = {isa = PBXFileReference; lastKnownFileType = file.storyboard; path = "Launch Screen.storyboard"; sourceTree = "<group>"; };
/* End PBXFileReference section */

/* Begin PBXFrameworksBuildPhase section */
		96606D272988DF630045362C /* Frameworks */ = {
			isa = PBXFrameworksBuildPhase;
			buildActionMask = 2147483647;
			files = (
			);
			runOnlyForDeploymentPostprocessing = 0;
		};
		96606D382988DF650045362C /* Frameworks */ = {
			isa = PBXFrameworksBuildPhase;
			buildActionMask = 2147483647;
			files = (
			);
			runOnlyForDeploymentPostprocessing = 0;
		};
		96606D422988DF650045362C /* Frameworks */ = {
			isa = PBXFrameworksBuildPhase;
			buildActionMask = 2147483647;
			files = (
			);
			runOnlyForDeploymentPostprocessing = 0;
		};
/* End PBXFrameworksBuildPhase section */

/* Begin PBXGroup section */
		96606D212988DF630045362C = {
			isa = PBXGroup;
			children = (
				96BD63742988E541000CFCF7 /* Launch Screen.storyboard */,
				96606D2C2988DF630045362C /* Poliquicks */,
				96606D3E2988DF650045362C /* PoliquicksTests */,
				96606D482988DF650045362C /* PoliquicksUITests */,
				96606D2B2988DF630045362C /* Products */,
			);
			sourceTree = "<group>";
		};
		96606D2B2988DF630045362C /* Products */ = {
			isa = PBXGroup;
			children = (
				96606D2A2988DF630045362C /* Poliquicks.app */,
				96606D3B2988DF650045362C /* PoliquicksTests.xctest */,
				96606D452988DF650045362C /* PoliquicksUITests.xctest */,
			);
			name = Products;
			sourceTree = "<group>";
		};
		96606D2C2988DF630045362C /* Poliquicks */ = {
			isa = PBXGroup;
			children = (
				96606D2D2988DF630045362C /* PoliquicksApp.swift */,
				96BD637A2988E5C7000CFCF7 /* Resources */,
				96BD63792988E5B2000CFCF7 /* Extensions */,
				96BD63782988E5A9000CFCF7 /* ViewModels */,
				96BD63772988E58D000CFCF7 /* Models */,
				96BD63762988E584000CFCF7 /* Views */,
				96BD63712988E35E000CFCF7 /* Info.plist */,
				96606D332988DF650045362C /* Poliquicks.entitlements */,
				96606D342988DF650045362C /* Preview Content */,
			);
			path = Poliquicks;
			sourceTree = "<group>";
		};
		96606D342988DF650045362C /* Preview Content */ = {
			isa = PBXGroup;
			children = (
				96606D352988DF650045362C /* Preview Assets.xcassets */,
			);
			path = "Preview Content";
			sourceTree = "<group>";
		};
		96606D3E2988DF650045362C /* PoliquicksTests */ = {
			isa = PBXGroup;
			children = (
				96606D3F2988DF650045362C /* PoliquicksTests.swift */,
			);
			path = PoliquicksTests;
			sourceTree = "<group>";
		};
		96606D482988DF650045362C /* PoliquicksUITests */ = {
			isa = PBXGroup;
			children = (
				96606D492988DF650045362C /* PoliquicksUITests.swift */,
				96606D4B2988DF650045362C /* PoliquicksUITestsLaunchTests.swift */,
			);
			path = PoliquicksUITests;
			sourceTree = "<group>";
		};
		96BD63762988E584000CFCF7 /* Views */ = {
			isa = PBXGroup;
			children = (
				96BD63722988E442000CFCF7 /* LoginView.swift */,
				96606D2F2988DF630045362C /* ContentView.swift */,
			);
			path = Views;
			sourceTree = "<group>";
		};
		96BD63772988E58D000CFCF7 /* Models */ = {
			isa = PBXGroup;
			children = (
			);
			path = Models;
			sourceTree = "<group>";
		};
		96BD63782988E5A9000CFCF7 /* ViewModels */ = {
			isa = PBXGroup;
			children = (
			);
			path = ViewModels;
			sourceTree = "<group>";
		};
		96BD63792988E5B2000CFCF7 /* Extensions */ = {
			isa = PBXGroup;
			children = (
			);
			path = Extensions;
			sourceTree = "<group>";
		};
		96BD637A2988E5C7000CFCF7 /* Resources */ = {
			isa = PBXGroup;
			children = (
				96606D312988DF650045362C /* Assets.xcassets */,
			);
			path = Resources;
			sourceTree = "<group>";
		};
/* End PBXGroup section */

/* Begin PBXNativeTarget section */
		96606D292988DF630045362C /* Poliquicks */ = {
			isa = PBXNativeTarget;
			buildConfigurationList = 96606D4F2988DF650045362C /* Build configuration list for PBXNativeTarget "Poliquicks" */;
			buildPhases = (
				96606D262988DF630045362C /* Sources */,
				96606D272988DF630045362C /* Frameworks */,
				96606D282988DF630045362C /* Resources */,
			);
			buildRules = (
			);
			dependencies = (
			);
			name = Poliquicks;
			productName = Poliquicks;
			productReference = 96606D2A2988DF630045362C /* Poliquicks.app */;
			productType = "com.apple.product-type.application";
		};
		96606D3A2988DF650045362C /* PoliquicksTests */ = {
			isa = PBXNativeTarget;
			buildConfigurationList = 96606D522988DF650045362C /* Build configuration list for PBXNativeTarget "PoliquicksTests" */;
			buildPhases = (
				96606D372988DF650045362C /* Sources */,
				96606D382988DF650045362C /* Frameworks */,
				96606D392988DF650045362C /* Resources */,
			);
			buildRules = (
			);
			dependencies = (
				96606D3D2988DF650045362C /* PBXTargetDependency */,
			);
			name = PoliquicksTests;
			productName = PoliquicksTests;
			productReference = 96606D3B2988DF650045362C /* PoliquicksTests.xctest */;
			productType = "com.apple.product-type.bundle.unit-test";
		};
		96606D442988DF650045362C /* PoliquicksUITests */ = {
			isa = PBXNativeTarget;
			buildConfigurationList = 96606D552988DF650045362C /* Build configuration list for PBXNativeTarget "PoliquicksUITests" */;
			buildPhases = (
				96606D412988DF650045362C /* Sources */,
				96606D422988DF650045362C /* Frameworks */,
				96606D432988DF650045362C /* Resources */,
			);
			buildRules = (
			);
			dependencies = (
				96606D472988DF650045362C /* PBXTargetDependency */,
			);
			name = PoliquicksUITests;
			productName = PoliquicksUITests;
			productReference = 96606D452988DF650045362C /* PoliquicksUITests.xctest */;
			productType = "com.apple.product-type.bundle.ui-testing";
		};
/* End PBXNativeTarget section */

/* Begin PBXProject section */
		96606D222988DF630045362C /* Project object */ = {
			isa = PBXProject;
			attributes = {
				BuildIndependentTargetsInParallel = 1;
				LastSwiftUpdateCheck = 1420;
				LastUpgradeCheck = 1420;
				TargetAttributes = {
					96606D292988DF630045362C = {
						CreatedOnToolsVersion = 14.2;
					};
					96606D3A2988DF650045362C = {
						CreatedOnToolsVersion = 14.2;
						TestTargetID = 96606D292988DF630045362C;
					};
					96606D442988DF650045362C = {
						CreatedOnToolsVersion = 14.2;
						TestTargetID = 96606D292988DF630045362C;
					};
				};
			};
			buildConfigurationList = 96606D252988DF630045362C /* Build configuration list for PBXProject "Poliquicks" */;
			compatibilityVersion = "Xcode 14.0";
			developmentRegion = en;
			hasScannedForEncodings = 0;
			knownRegions = (
				en,
				Base,
			);
			mainGroup = 96606D212988DF630045362C;
			productRefGroup = 96606D2B2988DF630045362C /* Products */;
			projectDirPath = "";
			projectRoot = "";
			targets = (
				96606D292988DF630045362C /* Poliquicks */,
				96606D3A2988DF650045362C /* PoliquicksTests */,
				96606D442988DF650045362C /* PoliquicksUITests */,
			);
		};
/* End PBXProject section */

/* Begin PBXResourcesBuildPhase section */
		96606D282988DF630045362C /* Resources */ = {
			isa = PBXResourcesBuildPhase;
			buildActionMask = 2147483647;
			files = (
				96BD63752988E541000CFCF7 /* Launch Screen.storyboard in Resources */,
				96606D362988DF650045362C /* Preview Assets.xcassets in Resources */,
				96606D322988DF650045362C /* Assets.xcassets in Resources */,
			);
			runOnlyForDeploymentPostprocessing = 0;
		};
		96606D392988DF650045362C /* Resources */ = {
			isa = PBXResourcesBuildPhase;
			buildActionMask = 2147483647;
			files = (
			);
			runOnlyForDeploymentPostprocessing = 0;
		};
		96606D432988DF650045362C /* Resources */ = {
			isa = PBXResourcesBuildPhase;
			buildActionMask = 2147483647;
			files = (
			);
			runOnlyForDeploymentPostprocessing = 0;
		};
/* End PBXResourcesBuildPhase section */

/* Begin PBXSourcesBuildPhase section */
		96606D262988DF630045362C /* Sources */ = {
			isa = PBXSourcesBuildPhase;
			buildActionMask = 2147483647;
			files = (
				96BD63732988E442000CFCF7 /* LoginView.swift in Sources */,
				96606D302988DF630045362C /* ContentView.swift in Sources */,
				96606D2E2988DF630045362C /* PoliquicksApp.swift in Sources */,
			);
			runOnlyForDeploymentPostprocessing = 0;
		};
		96606D372988DF650045362C /* Sources */ = {
			isa = PBXSourcesBuildPhase;
			buildActionMask = 2147483647;
			files = (
				96606D402988DF650045362C /* PoliquicksTests.swift in Sources */,
			);
			runOnlyForDeploymentPostprocessing = 0;
		};
		96606D412988DF650045362C /* Sources */ = {
			isa = PBXSourcesBuildPhase;
			buildActionMask = 2147483647;
			files = (
				96606D4C2988DF650045362C /* PoliquicksUITestsLaunchTests.swift in Sources */,
				96606D4A2988DF650045362C /* PoliquicksUITests.swift in Sources */,
			);
			runOnlyForDeploymentPostprocessing = 0;
		};
/* End PBXSourcesBuildPhase section */

/* Begin PBXTargetDependency section */
		96606D3D2988DF650045362C /* PBXTargetDependency */ = {
			isa = PBXTargetDependency;
			target = 96606D292988DF630045362C /* Poliquicks */;
			targetProxy = 96606D3C2988DF650045362C /* PBXContainerItemProxy */;
		};
		96606D472988DF650045362C /* PBXTargetDependency */ = {
			isa = PBXTargetDependency;
			target = 96606D292988DF630045362C /* Poliquicks */;
			targetProxy = 96606D462988DF650045362C /* PBXContainerItemProxy */;
		};
/* End PBXTargetDependency section */

/* Begin XCBuildConfiguration section */
		96606D4D2988DF650045362C /* Debug */ = {
			isa = XCBuildConfiguration;
			buildSettings = {
				ALWAYS_SEARCH_USER_PATHS = NO;
				CLANG_ANALYZER_NONNULL = YES;
				CLANG_ANALYZER_NUMBER_OBJECT_CONVERSION = YES_AGGRESSIVE;
				CLANG_CXX_LANGUAGE_STANDARD = "gnu++20";
				CLANG_ENABLE_MODULES = YES;
				CLANG_ENABLE_OBJC_ARC = YES;
				CLANG_ENABLE_OBJC_WEAK = YES;
				CLANG_WARN_BLOCK_CAPTURE_AUTORELEASING = YES;
				CLANG_WARN_BOOL_CONVERSION = YES;
				CLANG_WARN_COMMA = YES;
				CLANG_WARN_CONSTANT_CONVERSION = YES;
				CLANG_WARN_DEPRECATED_OBJC_IMPLEMENTATIONS = YES;
				CLANG_WARN_DIRECT_OBJC_ISA_USAGE = YES_ERROR;
				CLANG_WARN_DOCUMENTATION_COMMENTS = YES;
				CLANG_WARN_EMPTY_BODY = YES;
				CLANG_WARN_ENUM_CONVERSION = YES;
				CLANG_WARN_INFINITE_RECURSION = YES;
				CLANG_WARN_INT_CONVERSION = YES;
				CLANG_WARN_NON_LITERAL_NULL_CONVERSION = YES;
				CLANG_WARN_OBJC_IMPLICIT_RETAIN_SELF = YES;
				CLANG_WARN_OBJC_LITERAL_CONVERSION = YES;
				CLANG_WARN_OBJC_ROOT_CLASS = YES_ERROR;
				CLANG_WARN_QUOTED_INCLUDE_IN_FRAMEWORK_HEADER = YES;
				CLANG_WARN_RANGE_LOOP_ANALYSIS = YES;
				CLANG_WARN_STRICT_PROTOTYPES = YES;
				CLANG_WARN_SUSPICIOUS_MOVE = YES;
				CLANG_WARN_UNGUARDED_AVAILABILITY = YES_AGGRESSIVE;
				CLANG_WARN_UNREACHABLE_CODE = YES;
				CLANG_WARN__DUPLICATE_METHOD_MATCH = YES;
				COPY_PHASE_STRIP = NO;
				DEBUG_INFORMATION_FORMAT = dwarf;
				ENABLE_STRICT_OBJC_MSGSEND = YES;
				ENABLE_TESTABILITY = YES;
				GCC_C_LANGUAGE_STANDARD = gnu11;
				GCC_DYNAMIC_NO_PIC = NO;
				GCC_NO_COMMON_BLOCKS = YES;
				GCC_OPTIMIZATION_LEVEL = 0;
				GCC_PREPROCESSOR_DEFINITIONS = (
					"DEBUG=1",
					"$(inherited)",
				);
				GCC_WARN_64_TO_32_BIT_CONVERSION = YES;
				GCC_WARN_ABOUT_RETURN_TYPE = YES_ERROR;
				GCC_WARN_UNDECLARED_SELECTOR = YES;
				GCC_WARN_UNINITIALIZED_AUTOS = YES_AGGRESSIVE;
				GCC_WARN_UNUSED_FUNCTION = YES;
				GCC_WARN_UNUSED_VARIABLE = YES;
				MTL_ENABLE_DEBUG_INFO = INCLUDE_SOURCE;
				MTL_FAST_MATH = YES;
				ONLY_ACTIVE_ARCH = YES;
				SWIFT_ACTIVE_COMPILATION_CONDITIONS = DEBUG;
				SWIFT_OPTIMIZATION_LEVEL = "-Onone";
			};
			name = Debug;
		};
		96606D4E2988DF650045362C /* Release */ = {
			isa = XCBuildConfiguration;
			buildSettings = {
				ALWAYS_SEARCH_USER_PATHS = NO;
				CLANG_ANALYZER_NONNULL = YES;
				CLANG_ANALYZER_NUMBER_OBJECT_CONVERSION = YES_AGGRESSIVE;
				CLANG_CXX_LANGUAGE_STANDARD = "gnu++20";
				CLANG_ENABLE_MODULES = YES;
				CLANG_ENABLE_OBJC_ARC = YES;
				CLANG_ENABLE_OBJC_WEAK = YES;
				CLANG_WARN_BLOCK_CAPTURE_AUTORELEASING = YES;
				CLANG_WARN_BOOL_CONVERSION = YES;
				CLANG_WARN_COMMA = YES;
				CLANG_WARN_CONSTANT_CONVERSION = YES;
				CLANG_WARN_DEPRECATED_OBJC_IMPLEMENTATIONS = YES;
				CLANG_WARN_DIRECT_OBJC_ISA_USAGE = YES_ERROR;
				CLANG_WARN_DOCUMENTATION_COMMENTS = YES;
				CLANG_WARN_EMPTY_BODY = YES;
				CLANG_WARN_ENUM_CONVERSION = YES;
				CLANG_WARN_INFINITE_RECURSION = YES;
				CLANG_WARN_INT_CONVERSION = YES;
				CLANG_WARN_NON_LITERAL_NULL_CONVERSION = YES;
				CLANG_WARN_OBJC_IMPLICIT_RETAIN_SELF = YES;
				CLANG_WARN_OBJC_LITERAL_CONVERSION = YES;
				CLANG_WARN_OBJC_ROOT_CLASS = YES_ERROR;
				CLANG_WARN_QUOTED_INCLUDE_IN_FRAMEWORK_HEADER = YES;
				CLANG_WARN_RANGE_LOOP_ANALYSIS = YES;
				CLANG_WARN_STRICT_PROTOTYPES = YES;
				CLANG_WARN_SUSPICIOUS_MOVE = YES;
				CLANG_WARN_UNGUARDED_AVAILABILITY = YES_AGGRESSIVE;
				CLANG_WARN_UNREACHABLE_CODE = YES;
				CLANG_WARN__DUPLICATE_METHOD_MATCH = YES;
				COPY_PHASE_STRIP = NO;
				DEBUG_INFORMATION_FORMAT = "dwarf-with-dsym";
				ENABLE_NS_ASSERTIONS = NO;
				ENABLE_STRICT_OBJC_MSGSEND = YES;
				GCC_C_LANGUAGE_STANDARD = gnu11;
				GCC_NO_COMMON_BLOCKS = YES;
				GCC_WARN_64_TO_32_BIT_CONVERSION = YES;
				GCC_WARN_ABOUT_RETURN_TYPE = YES_ERROR;
				GCC_WARN_UNDECLARED_SELECTOR = YES;
				GCC_WARN_UNINITIALIZED_AUTOS = YES_AGGRESSIVE;
				GCC_WARN_UNUSED_FUNCTION = YES;
				GCC_WARN_UNUSED_VARIABLE = YES;
				MTL_ENABLE_DEBUG_INFO = NO;
				MTL_FAST_MATH = YES;
				SWIFT_COMPILATION_MODE = wholemodule;
				SWIFT_OPTIMIZATION_LEVEL = "-O";
			};
			name = Release;
		};
		96606D502988DF650045362C /* Debug */ = {
			isa = XCBuildConfiguration;
			buildSettings = {
				ASSETCATALOG_COMPILER_APPICON_NAME = AppIcon;
				ASSETCATALOG_COMPILER_GLOBAL_ACCENT_COLOR_NAME = AccentColor;
				CODE_SIGN_ENTITLEMENTS = Poliquicks/Poliquicks.entitlements;
				CODE_SIGN_STYLE = Automatic;
				CURRENT_PROJECT_VERSION = 1;
				DEVELOPMENT_ASSET_PATHS = "\"Poliquicks/Preview Content\"";
				DEVELOPMENT_TEAM = DKS3LDDJV5;
				ENABLE_HARDENED_RUNTIME = YES;
				ENABLE_PREVIEWS = YES;
				GENERATE_INFOPLIST_FILE = YES;
				INFOPLIST_FILE = Poliquicks/Info.plist;
				"INFOPLIST_KEY_UIApplicationSceneManifest_Generation[sdk=iphoneos*]" = YES;
				"INFOPLIST_KEY_UIApplicationSceneManifest_Generation[sdk=iphonesimulator*]" = YES;
				"INFOPLIST_KEY_UIApplicationSupportsIndirectInputEvents[sdk=iphoneos*]" = YES;
				"INFOPLIST_KEY_UIApplicationSupportsIndirectInputEvents[sdk=iphonesimulator*]" = YES;
				"INFOPLIST_KEY_UILaunchScreen_Generation[sdk=iphoneos*]" = YES;
				"INFOPLIST_KEY_UILaunchScreen_Generation[sdk=iphonesimulator*]" = YES;
				INFOPLIST_KEY_UIRequiresFullScreen = YES;
				"INFOPLIST_KEY_UIStatusBarStyle[sdk=iphoneos*]" = UIStatusBarStyleDefault;
				"INFOPLIST_KEY_UIStatusBarStyle[sdk=iphonesimulator*]" = UIStatusBarStyleDefault;
				INFOPLIST_KEY_UISupportedInterfaceOrientations_iPad = "UIInterfaceOrientationLandscapeRight UIInterfaceOrientationLandscapeLeft UIInterfaceOrientationPortraitUpsideDown UIInterfaceOrientationPortrait";
				INFOPLIST_KEY_UISupportedInterfaceOrientations_iPhone = UIInterfaceOrientationPortrait;
				IPHONEOS_DEPLOYMENT_TARGET = 16.2;
				LD_RUNPATH_SEARCH_PATHS = "@executable_path/Frameworks";
				"LD_RUNPATH_SEARCH_PATHS[sdk=macosx*]" = "@executable_path/../Frameworks";
				MACOSX_DEPLOYMENT_TARGET = 13.1;
				MARKETING_VERSION = 1.0;
				PRODUCT_BUNDLE_IDENTIFIER = JStark.Poliquicks;
				PRODUCT_NAME = "$(TARGET_NAME)";
				SDKROOT = auto;
				SUPPORTED_PLATFORMS = "iphoneos iphonesimulator macosx";
				SWIFT_EMIT_LOC_STRINGS = YES;
				SWIFT_VERSION = 5.0;
				TARGETED_DEVICE_FAMILY = "1,2";
			};
			name = Debug;
		};
		96606D512988DF650045362C /* Release */ = {
			isa = XCBuildConfiguration;
			buildSettings = {
				ASSETCATALOG_COMPILER_APPICON_NAME = AppIcon;
				ASSETCATALOG_COMPILER_GLOBAL_ACCENT_COLOR_NAME = AccentColor;
				CODE_SIGN_ENTITLEMENTS = Poliquicks/Poliquicks.entitlements;
				CODE_SIGN_STYLE = Automatic;
				CURRENT_PROJECT_VERSION = 1;
				DEVELOPMENT_ASSET_PATHS = "\"Poliquicks/Preview Content\"";
				DEVELOPMENT_TEAM = DKS3LDDJV5;
				ENABLE_HARDENED_RUNTIME = YES;
				ENABLE_PREVIEWS = YES;
				GENERATE_INFOPLIST_FILE = YES;
				INFOPLIST_FILE = Poliquicks/Info.plist;
				"INFOPLIST_KEY_UIApplicationSceneManifest_Generation[sdk=iphoneos*]" = YES;
				"INFOPLIST_KEY_UIApplicationSceneManifest_Generation[sdk=iphonesimulator*]" = YES;
				"INFOPLIST_KEY_UIApplicationSupportsIndirectInputEvents[sdk=iphoneos*]" = YES;
				"INFOPLIST_KEY_UIApplicationSupportsIndirectInputEvents[sdk=iphonesimulator*]" = YES;
				"INFOPLIST_KEY_UILaunchScreen_Generation[sdk=iphoneos*]" = YES;
				"INFOPLIST_KEY_UILaunchScreen_Generation[sdk=iphonesimulator*]" = YES;
				INFOPLIST_KEY_UIRequiresFullScreen = YES;
				"INFOPLIST_KEY_UIStatusBarStyle[sdk=iphoneos*]" = UIStatusBarStyleDefault;
				"INFOPLIST_KEY_UIStatusBarStyle[sdk=iphonesimulator*]" = UIStatusBarStyleDefault;
				INFOPLIST_KEY_UISupportedInterfaceOrientations_iPad = "UIInterfaceOrientationLandscapeRight UIInterfaceOrientationLandscapeLeft UIInterfaceOrientationPortraitUpsideDown UIInterfaceOrientationPortrait";
				INFOPLIST_KEY_UISupportedInterfaceOrientations_iPhone = UIInterfaceOrientationPortrait;
				IPHONEOS_DEPLOYMENT_TARGET = 16.2;
				LD_RUNPATH_SEARCH_PATHS = "@executable_path/Frameworks";
				"LD_RUNPATH_SEARCH_PATHS[sdk=macosx*]" = "@executable_path/../Frameworks";
				MACOSX_DEPLOYMENT_TARGET = 13.1;
				MARKETING_VERSION = 1.0;
				PRODUCT_BUNDLE_IDENTIFIER = JStark.Poliquicks;
				PRODUCT_NAME = "$(TARGET_NAME)";
				SDKROOT = auto;
				SUPPORTED_PLATFORMS = "iphoneos iphonesimulator macosx";
				SWIFT_EMIT_LOC_STRINGS = YES;
				SWIFT_VERSION = 5.0;
				TARGETED_DEVICE_FAMILY = "1,2";
			};
			name = Release;
		};
		96606D532988DF650045362C /* Debug */ = {
			isa = XCBuildConfiguration;
			buildSettings = {
				ALWAYS_EMBED_SWIFT_STANDARD_LIBRARIES = YES;
				BUNDLE_LOADER = "$(TEST_HOST)";
				CODE_SIGN_STYLE = Automatic;
				CURRENT_PROJECT_VERSION = 1;
				DEVELOPMENT_TEAM = DKS3LDDJV5;
				GENERATE_INFOPLIST_FILE = YES;
				IPHONEOS_DEPLOYMENT_TARGET = 16.2;
				MACOSX_DEPLOYMENT_TARGET = 13.1;
				MARKETING_VERSION = 1.0;
				PRODUCT_BUNDLE_IDENTIFIER = JStark.PoliquicksTests;
				PRODUCT_NAME = "$(TARGET_NAME)";
				SDKROOT = auto;
				SUPPORTED_PLATFORMS = "iphoneos iphonesimulator macosx";
				SWIFT_EMIT_LOC_STRINGS = NO;
				SWIFT_VERSION = 5.0;
				TARGETED_DEVICE_FAMILY = "1,2";
				TEST_HOST = "$(BUILT_PRODUCTS_DIR)/Poliquicks.app/$(BUNDLE_EXECUTABLE_FOLDER_PATH)/Poliquicks";
			};
			name = Debug;
		};
		96606D542988DF650045362C /* Release */ = {
			isa = XCBuildConfiguration;
			buildSettings = {
				ALWAYS_EMBED_SWIFT_STANDARD_LIBRARIES = YES;
				BUNDLE_LOADER = "$(TEST_HOST)";
				CODE_SIGN_STYLE = Automatic;
				CURRENT_PROJECT_VERSION = 1;
				DEVELOPMENT_TEAM = DKS3LDDJV5;
				GENERATE_INFOPLIST_FILE = YES;
				IPHONEOS_DEPLOYMENT_TARGET = 16.2;
				MACOSX_DEPLOYMENT_TARGET = 13.1;
				MARKETING_VERSION = 1.0;
				PRODUCT_BUNDLE_IDENTIFIER = JStark.PoliquicksTests;
				PRODUCT_NAME = "$(TARGET_NAME)";
				SDKROOT = auto;
				SUPPORTED_PLATFORMS = "iphoneos iphonesimulator macosx";
				SWIFT_EMIT_LOC_STRINGS = NO;
				SWIFT_VERSION = 5.0;
				TARGETED_DEVICE_FAMILY = "1,2";
				TEST_HOST = "$(BUILT_PRODUCTS_DIR)/Poliquicks.app/$(BUNDLE_EXECUTABLE_FOLDER_PATH)/Poliquicks";
			};
			name = Release;
		};
		96606D562988DF650045362C /* Debug */ = {
			isa = XCBuildConfiguration;
			buildSettings = {
				ALWAYS_EMBED_SWIFT_STANDARD_LIBRARIES = YES;
				CODE_SIGN_STYLE = Automatic;
				CURRENT_PROJECT_VERSION = 1;
				DEVELOPMENT_TEAM = DKS3LDDJV5;
				GENERATE_INFOPLIST_FILE = YES;
				IPHONEOS_DEPLOYMENT_TARGET = 16.2;
				MACOSX_DEPLOYMENT_TARGET = 13.1;
				MARKETING_VERSION = 1.0;
				PRODUCT_BUNDLE_IDENTIFIER = JStark.PoliquicksUITests;
				PRODUCT_NAME = "$(TARGET_NAME)";
				SDKROOT = auto;
				SUPPORTED_PLATFORMS = "iphoneos iphonesimulator macosx";
				SWIFT_EMIT_LOC_STRINGS = NO;
				SWIFT_VERSION = 5.0;
				TARGETED_DEVICE_FAMILY = "1,2";
				TEST_TARGET_NAME = Poliquicks;
			};
			name = Debug;
		};
		96606D572988DF650045362C /* Release */ = {
			isa = XCBuildConfiguration;
			buildSettings = {
				ALWAYS_EMBED_SWIFT_STANDARD_LIBRARIES = YES;
				CODE_SIGN_STYLE = Automatic;
				CURRENT_PROJECT_VERSION = 1;
				DEVELOPMENT_TEAM = DKS3LDDJV5;
				GENERATE_INFOPLIST_FILE = YES;
				IPHONEOS_DEPLOYMENT_TARGET = 16.2;
				MACOSX_DEPLOYMENT_TARGET = 13.1;
				MARKETING_VERSION = 1.0;
				PRODUCT_BUNDLE_IDENTIFIER = JStark.PoliquicksUITests;
				PRODUCT_NAME = "$(TARGET_NAME)";
				SDKROOT = auto;
				SUPPORTED_PLATFORMS = "iphoneos iphonesimulator macosx";
				SWIFT_EMIT_LOC_STRINGS = NO;
				SWIFT_VERSION = 5.0;
				TARGETED_DEVICE_FAMILY = "1,2";
				TEST_TARGET_NAME = Poliquicks;
			};
			name = Release;
		};
/* End XCBuildConfiguration section */

/* Begin XCConfigurationList section */
		96606D252988DF630045362C /* Build configuration list for PBXProject "Poliquicks" */ = {
			isa = XCConfigurationList;
			buildConfigurations = (
				96606D4D2988DF650045362C /* Debug */,
				96606D4E2988DF650045362C /* Release */,
			);
			defaultConfigurationIsVisible = 0;
			defaultConfigurationName = Release;
		};
		96606D4F2988DF650045362C /* Build configuration list for PBXNativeTarget "Poliquicks" */ = {
			isa = XCConfigurationList;
			buildConfigurations = (
				96606D502988DF650045362C /* Debug */,
				96606D512988DF650045362C /* Release */,
			);
			defaultConfigurationIsVisible = 0;
			defaultConfigurationName = Release;
		};
		96606D522988DF650045362C /* Build configuration list for PBXNativeTarget "PoliquicksTests" */ = {
			isa = XCConfigurationList;
			buildConfigurations = (
				96606D532988DF650045362C /* Debug */,
				96606D542988DF650045362C /* Release */,
			);
			defaultConfigurationIsVisible = 0;
			defaultConfigurationName = Release;
		};
		96606D552988DF650045362C /* Build configuration list for PBXNativeTarget "PoliquicksUITests" */ = {
			isa = XCConfigurationList;
			buildConfigurations = (
				96606D562988DF650045362C /* Debug */,
				96606D572988DF650045362C /* Release */,
			);
			defaultConfigurationIsVisible = 0;
			defaultConfigurationName = Release;
		};
/* End XCConfigurationList section */
	};
	rootObject = 96606D222988DF630045362C /* Project object */;
}
